
Microsoft Visual Studio Solution File, Format Version 12.00
# Visual Studio Version 17
VisualStudioVersion = 17.9.34607.119
MinimumVisualStudioVersion = 10.0.40219.1
Project("{FAE04EC0-301F-11D3-BF4B-00C04F79EFBC}") = "ToDoController.API", "ToDoController.API\ToDoController.API.csproj", "{4E7DA599-4147-467F-8E22-2B628CFE9C32}"
EndProject
Global
	GlobalSection(SolutionConfigurationPlatforms) = preSolution
		Debug|Any CPU = Debug|Any CPU
		Release|Any CPU = Release|Any CPU
	EndGlobalSection
	GlobalSection(ProjectConfigurationPlatforms) = postSolution
		{4E7DA599-4147-467F-8E22-2B628CFE9C32}.Debug|Any CPU.ActiveCfg = Debug|Any CPU
		{4E7DA599-4147-467F-8E22-2B628CFE9C32}.Debug|Any CPU.Build.0 = Debug|Any CPU
		{4E7DA599-4147-467F-8E22-2B628CFE9C32}.Release|Any CPU.ActiveCfg = Release|Any CPU
		{4E7DA599-4147-467F-8E22-2B628CFE9C32}.Release|Any CPU.Build.0 = Release|Any CPU
	EndGlobalSection
	GlobalSection(SolutionProperties) = preSolution
		HideSolutionNode = FALSE
	EndGlobalSection
	GlobalSection(ExtensibilityGlobals) = postSolution
		SolutionGuid = {CBB05FBB-B0FC-4DC5-A1DD-7633C0A5FB66}
	EndGlobalSection
EndGlobal
